
Microsoft Visual Studio Solution File, Format Version 12.00
# Visual Studio 2013
VisualStudioVersion = 12.0.21005.1
MinimumVisualStudioVersion = 10.0.40219.1
Project("{FAE04EC0-301F-11D3-BF4B-00C04F79EFBC}") = "UnitTests", "UnitTestProject1\UnitTests.csproj", "{739341E4-C14D-4F72-A7D9-5B1D151225C5}"
EndProject
Project("{FAE04EC0-301F-11D3-BF4B-00C04F79EFBC}") = "TestTask_2", "ConsoleApplication1\TestTask_2.csproj", "{CD3592FF-1E97-4BD7-AAA9-F36460A1460C}"
EndProject
Global
	GlobalSection(SolutionConfigurationPlatforms) = preSolution
		Debug|Any CPU = Debug|Any CPU
		Release|Any CPU = Release|Any CPU
	EndGlobalSection
	GlobalSection(ProjectConfigurationPlatforms) = postSolution
		{739341E4-C14D-4F72-A7D9-5B1D151225C5}.Debug|Any CPU.ActiveCfg = Debug|Any CPU
		{739341E4-C14D-4F72-A7D9-5B1D151225C5}.Debug|Any CPU.Build.0 = Debug|Any CPU
		{739341E4-C14D-4F72-A7D9-5B1D151225C5}.Release|Any CPU.ActiveCfg = Release|Any CPU
		{739341E4-C14D-4F72-A7D9-5B1D151225C5}.Release|Any CPU.Build.0 = Release|Any CPU
		{CD3592FF-1E97-4BD7-AAA9-F36460A1460C}.Debug|Any CPU.ActiveCfg = Debug|Any CPU
		{CD3592FF-1E97-4BD7-AAA9-F36460A1460C}.Debug|Any CPU.Build.0 = Debug|Any CPU
		{CD3592FF-1E97-4BD7-AAA9-F36460A1460C}.Release|Any CPU.ActiveCfg = Release|Any CPU
		{CD3592FF-1E97-4BD7-AAA9-F36460A1460C}.Release|Any CPU.Build.0 = Release|Any CPU
	EndGlobalSection
	GlobalSection(SolutionProperties) = preSolution
		HideSolutionNode = FALSE
	EndGlobalSection
EndGlobal
